<?xml version="1.0" encoding="utf-8"?>
<Project ToolsVersion="4.0" xmlns="http://schemas.microsoft.com/developer/msbuild/2003">
  <ItemGroup>
    <Filter Include="Resource Files">
      <UniqueIdentifier>{67DA6AB6-F800-4c08-8B7A-83BB121AAD01}</UniqueIdentifier>
      <Extensions>rc;ico;cur;bmp;dlg;rc2;rct;bin;rgs;gif;jpg;jpeg;jpe;resx;tiff;tif;png;wav;mfcribbon-ms</Extensions>
    </Filter>
    <Filter Include="Configs">
      <UniqueIdentifier>{12f74984-14a9-43a7-b90e-1eeb78895122}</UniqueIdentifier>
      <Extensions>conf</Extensions>
    </Filter>
    <Filter Include="Gametypes">
      <UniqueIdentifier>{da51fd0c-f7db-498f-b47c-5218200eec2f}</UniqueIdentifier>
      <Extensions>lua</Extensions>
    </Filter>
    <Filter Include="AIs">
      <UniqueIdentifier>{70dfa020-46d5-49a9-a13b-b8044be4e017}</UniqueIdentifier>
    </Filter>
    <Filter Include="Shaders">
      <UniqueIdentifier>{432924fd-8ead-40c4-adfc-00272d5eef3a}</UniqueIdentifier>
    </Filter>
    <Filter Include="src">
      <UniqueIdentifier>{4FC737F1-C7A5-4376-A066-2A32D752A2FF}</UniqueIdentifier>
      <Extensions>cpp;c;cc;cxx;def;odl;idl;hpj;bat;asm;asmx;h;hpp;hxx;hm;inl;inc;xsd</Extensions>
    </Filter>
    <Filter Include="src\audio">
      <UniqueIdentifier>{05646fb5-f84f-41b6-b8b1-15530f62ffcf}</UniqueIdentifier>
    </Filter>
    <Filter Include="src\gui">
      <UniqueIdentifier>{19b3f537-fe74-4a9d-9321-5f1368b8b771}</UniqueIdentifier>
    </Filter>
    <Filter Include="src\http">
      <UniqueIdentifier>{39b73462-a4e1-4065-8e44-dd022647ef41}</UniqueIdentifier>
    </Filter>
    <Filter Include="src\mod">
      <UniqueIdentifier>{08b66cb9-3616-4a6b-b944-d62c8d11e509}</UniqueIdentifier>
    </Filter>
    <Filter Include="src\net">
      <UniqueIdentifier>{ca562b1b-4fc6-409b-87c5-fd23c7b2aab4}</UniqueIdentifier>
    </Filter>
    <Filter Include="src\render">
      <UniqueIdentifier>{8d7dcbce-5146-48c6-b55d-7a8b1485e282}</UniqueIdentifier>
    </Filter>
    <Filter Include="src\util">
      <UniqueIdentifier>{c7dbd7ee-7928-4eb6-9ae8-20f5d49aac17}</UniqueIdentifier>
    </Filter>
    <Filter Include="src\weapons">
      <UniqueIdentifier>{ae255c16-00ab-4a20-98ac-e72cfc0d5b3f}</UniqueIdentifier>
    </Filter>
    <Filter Include="src\platform">
      <UniqueIdentifier>{b9dee332-7b4e-4858-834e-c22aa5eee736}</UniqueIdentifier>
    </Filter>
    <Filter Include="src\entity">
      <UniqueIdentifier>{e476e754-42f8-49ea-8356-2f61c8104798}</UniqueIdentifier>
    </Filter>
    <Filter Include="src\fx">
      <UniqueIdentifier>{64b84db7-3509-4ce4-8797-94f526553a16}</UniqueIdentifier>
    </Filter>
    <Filter Include="src\confuse">
      <UniqueIdentifier>{e338f825-a8f0-4cc6-8902-0d81b030920d}</UniqueIdentifier>
    </Filter>
    <Filter Include="contrib">
      <UniqueIdentifier>{139d4f1d-89b8-4c33-97b5-69ebb712ce7f}</UniqueIdentifier>
    </Filter>
    <Filter Include="contrib\getopt_long">
      <UniqueIdentifier>{62eb57bb-01cb-477e-bc9f-92edc45ed94e}</UniqueIdentifier>
    </Filter>
    <Filter Include="src\spark">
      <UniqueIdentifier>{32a5192c-134e-4e7d-9a25-ec9caa9eb7a6}</UniqueIdentifier>
    </Filter>
    <Filter Include="src\guichan">
      <UniqueIdentifier>{d21fd7a8-5f7b-4f51-aeb0-ee86ec001a7a}</UniqueIdentifier>
    </Filter>
    <Filter Include="src\guichan\opengl">
      <UniqueIdentifier>{88e5f532-5cde-4284-b1ca-ae243cd32e7e}</UniqueIdentifier>
    </Filter>
    <Filter Include="src\guichan\sdl">
      <UniqueIdentifier>{a4d4f71e-c82b-4cba-afd0-ab022abc464e}</UniqueIdentifier>
    </Filter>
    <Filter Include="src\guichan\widgets">
      <UniqueIdentifier>{73b6e994-f9d3-4b26-a65c-551a8a8877e5}</UniqueIdentifier>
    </Filter>
    <Filter Include="src\spark\core">
      <UniqueIdentifier>{9f62f047-0f74-443d-a6e1-5dc31b306a8c}</UniqueIdentifier>
    </Filter>
    <Filter Include="src\spark\ext">
      <UniqueIdentifier>{bcaf8f63-1a01-46da-a98a-e442dba18e4d}</UniqueIdentifier>
    </Filter>
    <Filter Include="src\spark\opengl">
      <UniqueIdentifier>{0c1fcabe-1e98-4d8a-8e3a-01a68d3878bb}</UniqueIdentifier>
    </Filter>
    <Filter Include="src\map">
      <UniqueIdentifier>{7f1cca99-d3bf-4339-9845-24b720f6de87}</UniqueIdentifier>
    </Filter>
    <Filter Include="src\i18n">
      <UniqueIdentifier>{1c7f9ba5-5eb0-4a58-81d7-95c8fe67b267}</UniqueIdentifier>
    </Filter>
    <Filter Include="src\script">
      <UniqueIdentifier>{b32e0843-7838-4cc8-9999-fda49099a1bc}</UniqueIdentifier>
    </Filter>
    <Filter Include="src\lua">
      <UniqueIdentifier>{23ebc0d3-3872-4f16-83d7-a479547a6895}</UniqueIdentifier>
    </Filter>
    <Filter Include="src\render_opengl">
      <UniqueIdentifier>{37195299-fb8e-44a3-acf0-e092747d3d7a}</UniqueIdentifier>
    </Filter>
    <Filter Include="Configs\test">
      <UniqueIdentifier>{93208d51-213c-4c98-a114-df617ee340a9}</UniqueIdentifier>
    </Filter>
    <Filter Include="Configs\cr">
      <UniqueIdentifier>{edda0ad8-7008-48f6-babe-8f9701d389e6}</UniqueIdentifier>
    </Filter>
  </ItemGroup>
  <ItemGroup>
    <None Include="..\..\data\cr\gametypes\zombies.lua">
      <Filter>Gametypes</Filter>
    </None>
    <None Include="..\..\data\cr\gametypes\boredem.lua">
      <Filter>Gametypes</Filter>
    </None>
    <None Include="..\..\data\cr\gametypes\free_for_all.lua">
      <Filter>Gametypes</Filter>
    </None>
    <None Include="..\..\data\cr\gametypes\zombie_betrayal.lua">
      <Filter>Gametypes</Filter>
    </None>
    <None Include="..\..\data\cr\gametypes\zombies2.lua">
      <Filter>Gametypes</Filter>
    </None>
    <None Include="..\..\data\cr\gametypes\ai_battle.lua">
      <Filter>Gametypes</Filter>
    </None>
    <None Include="..\..\data\cr\gametypes\humans.lua">
      <Filter>Gametypes</Filter>
    </None>
    <None Include="..\..\data\cr\ais\human.lua">
      <Filter>AIs</Filter>
    </None>
    <None Include="..\..\data\cr\ais\zombie.lua">
      <Filter>AIs</Filter>
    </None>
    <None Include="..\..\data\cr\ais\dumbo.lua">
      <Filter>AIs</Filter>
    </None>
    <None Include="..\..\data\cr\gametypes\forgery.lua">
      <Filter>Gametypes</Filter>
    </None>
    <None Include="..\..\data\cr\gametypes\map_builder.lua">
      <Filter>Gametypes</Filter>
    </None>
    <None Include="..\..\src\i18n\en.txt">
      <Filter>src\i18n</Filter>
    </None>
    <None Include="..\..\src\i18n\en_Pirate.txt">
      <Filter>src\i18n</Filter>
    </None>
    <None Include="..\..\data\cr\shaders_gl\phong.glslf">
      <Filter>Shaders</Filter>
    </None>
    <None Include="..\..\data\cr\shaders_gl\phong_bones.glslv">
      <Filter>Shaders</Filter>
    </None>
    <None Include="..\..\data\cr\shaders_gl\phong_shadow.glslf">
      <Filter>Shaders</Filter>
    </None>
    <None Include="..\..\data\cr\shaders_gl\phong_static.glslv">
      <Filter>Shaders</Filter>
    </None>
    <None Include="..\..\data\cr\shaders_gl\skybox.glslf">
      <Filter>Shaders</Filter>
    </None>
    <None Include="..\..\data\cr\shaders_gl\skybox.glslv">
      <Filter>Shaders</Filter>
    </None>
    <None Include="..\..\data\cr\shaders_gl\text.glslf">
      <Filter>Shaders</Filter>
    </None>
    <None Include="..\..\data\cr\shaders_gl\text.glslv">
      <Filter>Shaders</Filter>
    </None>
    <None Include="..\..\data\cr\shaders_gl\water.glslf">
      <Filter>Shaders</Filter>
    </None>
    <None Include="..\..\data\cr\shaders_gl\water.glslv">
      <Filter>Shaders</Filter>
    </None>
    <None Include="..\..\data\test\campaigns.conf">
      <Filter>Configs\test</Filter>
    </None>
    <None Include="..\..\data\test\gametypes.conf">
      <Filter>Configs\test</Filter>
    </None>
    <None Include="..\..\data\test\mod.conf">
      <Filter>Configs\test</Filter>
    </None>
    <None Include="..\..\data\cr\animmodels.conf">
      <Filter>Configs\cr</Filter>
    </None>
    <None Include="..\..\data\cr\weapontypes.conf">
      <Filter>Configs\cr</Filter>
    </None>
    <None Include="..\..\data\cr\floortypes.conf">
      <Filter>Configs\cr</Filter>
    </None>
    <None Include="..\..\data\cr\gametypes.conf">
      <Filter>Configs\cr</Filter>
    </None>
    <None Include="..\..\data\cr\mod.conf">
      <Filter>Configs\cr</Filter>
    </None>
    <None Include="..\..\data\cr\objecttypes.conf">
      <Filter>Configs\cr</Filter>
    </None>
    <None Include="..\..\data\cr\particlegenerators.conf">
      <Filter>Configs\cr</Filter>
    </None>
    <None Include="..\..\data\cr\particletypes.conf">
      <Filter>Configs\cr</Filter>
    </None>
    <None Include="..\..\data\cr\pickuptypes.conf">
      <Filter>Configs\cr</Filter>
    </None>
    <None Include="..\..\data\cr\songs.conf">
      <Filter>Configs\cr</Filter>
    </None>
    <None Include="..\..\data\cr\unittypes.conf">
      <Filter>Configs\cr</Filter>
    </None>
    <None Include="..\..\data\cr\vehicletypes.conf">
      <Filter>Configs\cr</Filter>
    </None>
    <None Include="..\..\data\cr\walltypes.conf">
      <Filter>Configs\cr</Filter>
    </None>
    <None Include="..\..\CHANGES" />
  </ItemGroup>
  <ItemGroup>
    <ClCompile Include="..\..\src\client.cpp">
      <Filter>src</Filter>
    </ClCompile>
    <ClCompile Include="..\..\src\physics_bullet.cpp">
      <Filter>src</Filter>
    </ClCompile>
    <ClCompile Include="..\..\src\events.cpp">
      <Filter>src</Filter>
    </ClCompile>
    <ClCompile Include="..\..\src\audio\audio.cpp">
      <Filter>src\audio</Filter>
    </ClCompile>
    <ClCompile Include="..\..\src\audio\audio_null.cpp">
      <Filter>src\audio</Filter>
    </ClCompile>
    <ClCompile Include="..\..\src\audio\audio_sdlmixer.cpp">
      <Filter>src\audio</Filter>
    </ClCompile>
    <ClCompile Include="..\..\src\gui\controls.cpp">
      <Filter>src\gui</Filter>
    </ClCompile>
    <ClCompile Include="..\..\src\gui\dialog.cpp">
      <Filter>src\gui</Filter>
    </ClCompile>
    <ClCompile Include="..\..\src\gui\network.cpp">
      <Filter>src\gui</Filter>
    </ClCompile>
    <ClCompile Include="..\..\src\gui\newcampaign.cpp">
      <Filter>src\gui</Filter>
    </ClCompile>
    <ClCompile Include="..\..\src\gui\newgame.cpp">
      <Filter>src\gui</Filter>
    </ClCompile>
    <ClCompile Include="..\..\src\http\client_stats.cpp">
      <Filter>src\http</Filter>
    </ClCompile>
    <ClCompile Include="..\..\src\http\happyhttp.cpp">
      <Filter>src\http</Filter>
    </ClCompile>
    <ClCompile Include="..\..\src\http\serverlist.cpp">
      <Filter>src\http</Filter>
    </ClCompile>
    <ClCompile Include="..\..\src\http\url.cpp">
      <Filter>src\http</Filter>
    </ClCompile>
    <ClCompile Include="..\..\src\script\ailogic.cpp">
      <Filter>src\script</Filter>
    </ClCompile>
    <ClCompile Include="..\..\src\mod\aitype.cpp">
      <Filter>src\mod</Filter>
    </ClCompile>
    <ClCompile Include="..\..\src\util\btStrideHeightfieldTerrainShape.cpp">
      <Filter>src\util</Filter>
    </ClCompile>
    <ClCompile Include="..\..\src\util\clientconfig.cpp">
      <Filter>src\util</Filter>
    </ClCompile>
    <ClCompile Include="..\..\src\util\debug.cpp">
      <Filter>src\util</Filter>
    </ClCompile>
    <ClCompile Include="..\..\src\util\obj.cpp">
      <Filter>src\util</Filter>
    </ClCompile>
    <ClCompile Include="..\..\src\util\sdl_util.cpp">
      <Filter>src\util</Filter>
    </ClCompile>
    <ClCompile Include="..\..\src\util\serverconfig.cpp">
      <Filter>src\util</Filter>
    </ClCompile>
    <ClCompile Include="..\..\src\util\util.cpp">
      <Filter>src\util</Filter>
    </ClCompile>
    <ClCompile Include="..\..\src\render\render_debug.cpp">
      <Filter>src\render</Filter>
    </ClCompile>
    <ClCompile Include="..\..\src\render\render_null.cpp">
      <Filter>src\render</Filter>
    </ClCompile>
    <ClCompile Include="..\..\src\render\render.cpp">
      <Filter>src\render</Filter>
    </ClCompile>
    <ClCompile Include="..\..\src\platform\win32.cpp">
      <Filter>src\platform</Filter>
    </ClCompile>
    <ClCompile Include="..\..\src\mod\mod.cpp">
      <Filter>src\mod</Filter>
    </ClCompile>
    <ClCompile Include="..\..\src\mod\mod_manager.cpp">
      <Filter>src\mod</Filter>
    </ClCompile>
    <ClCompile Include="..\..\src\mod\mod_proxy.cpp">
      <Filter>src\mod</Filter>
    </ClCompile>
    <ClCompile Include="..\..\src\net\net.cpp">
      <Filter>src\net</Filter>
    </ClCompile>
    <ClCompile Include="..\..\src\net\net_client.cpp">
      <Filter>src\net</Filter>
    </ClCompile>
    <ClCompile Include="..\..\src\net\net_pack.cpp">
      <Filter>src\net</Filter>
    </ClCompile>
    <ClCompile Include="..\..\src\net\net_server.cpp">
      <Filter>src\net</Filter>
    </ClCompile>
    <ClCompile Include="..\..\src\weapons\mines.cpp">
      <Filter>src\weapons</Filter>
    </ClCompile>
    <ClCompile Include="..\..\src\weapons\weapons.cpp">
      <Filter>src\weapons</Filter>
    </ClCompile>
    <ClCompile Include="..\..\src\mod\weapontype.cpp">
      <Filter>src\mod</Filter>
    </ClCompile>
    <ClCompile Include="..\..\src\mod\walltype.cpp">
      <Filter>src\mod</Filter>
    </ClCompile>
    <ClCompile Include="..\..\src\mod\vehicletype.cpp">
      <Filter>src\mod</Filter>
    </ClCompile>
    <ClCompile Include="..\..\src\mod\unittype.cpp">
      <Filter>src\mod</Filter>
    </ClCompile>
    <ClCompile Include="..\..\src\mod\song.cpp">
      <Filter>src\mod</Filter>
    </ClCompile>
    <ClCompile Include="..\..\src\mod\objecttype.cpp">
      <Filter>src\mod</Filter>
    </ClCompile>
    <ClCompile Include="..\..\src\script\gamelogic.cpp">
      <Filter>src\script</Filter>
    </ClCompile>
    <ClCompile Include="..\..\src\script\lua_hudlabel_lib.cpp">
      <Filter>src\script</Filter>
    </ClCompile>
    <ClCompile Include="..\..\src\script\lua_vector3_lib.cpp">
      <Filter>src\script</Filter>
    </ClCompile>
    <ClCompile Include="..\..\src\script\lua_standard.cpp">
      <Filter>src\script</Filter>
    </ClCompile>
    <ClCompile Include="..\..\src\script\lua_unitinfo_lib.cpp">
      <Filter>src\script</Filter>
    </ClCompile>
    <ClCompile Include="..\..\src\mod\campaign.cpp">
      <Filter>src\mod</Filter>
    </ClCompile>
    <ClCompile Include="..\..\src\mod\gametype.cpp">
      <Filter>src\mod</Filter>
    </ClCompile>
    <ClCompile Include="..\..\src\entity\ammo_round.cpp">
      <Filter>src\entity</Filter>
    </ClCompile>
    <ClCompile Include="..\..\src\entity\decaying.cpp">
      <Filter>src\entity</Filter>
    </ClCompile>
    <ClCompile Include="..\..\src\entity\entity.cpp">
      <Filter>src\entity</Filter>
    </ClCompile>
    <ClCompile Include="..\..\src\entity\npc.cpp">
      <Filter>src\entity</Filter>
    </ClCompile>
    <ClCompile Include="..\..\src\entity\object.cpp">
      <Filter>src\entity</Filter>
    </ClCompile>
    <ClCompile Include="..\..\src\entity\player.cpp">
      <Filter>src\entity</Filter>
    </ClCompile>
    <ClCompile Include="..\..\src\entity\vehicle.cpp">
      <Filter>src\entity</Filter>
    </ClCompile>
    <ClCompile Include="..\..\src\entity\wall.cpp">
      <Filter>src\entity</Filter>
    </ClCompile>
    <ClCompile Include="..\..\src\fx\newparticle.cpp">
      <Filter>src\fx</Filter>
    </ClCompile>
    <ClCompile Include="..\..\src\mod\confuse_types.cpp">
      <Filter>src\mod</Filter>
    </ClCompile>
    <ClCompile Include="..\..\src\gui\client_settings.cpp">
      <Filter>src\gui</Filter>
    </ClCompile>
    <ClCompile Include="..\..\src\gui\mods.cpp">
      <Filter>src\gui</Filter>
    </ClCompile>
    <ClCompile Include="..\..\src\weapons\ghost_objects.cpp">
      <Filter>src\weapons</Filter>
    </ClCompile>
    <ClCompile Include="..\..\src\weapons\rockets.cpp">
      <Filter>src\weapons</Filter>
    </ClCompile>
    <ClCompile Include="..\..\src\entity\pickup.cpp">
      <Filter>src\entity</Filter>
    </ClCompile>
    <ClCompile Include="..\..\src\mod\pickuptype.cpp">
      <Filter>src\mod</Filter>
    </ClCompile>
    <ClCompile Include="..\..\src\weapons\attractor.cpp">
      <Filter>src\weapons</Filter>
    </ClCompile>
    <ClCompile Include="..\..\src\util\btCRKinematicCharacterController.cpp">
      <Filter>src\util</Filter>
    </ClCompile>
    <ClCompile Include="..\..\src\net\net_browse.cpp">
      <Filter>src\net</Filter>
    </ClCompile>
    <ClCompile Include="..\..\src\util\crc32.cpp">
      <Filter>src\util</Filter>
    </ClCompile>
    <ClCompile Include="..\..\src\weapons\raycast.cpp">
      <Filter>src\weapons</Filter>
    </ClCompile>
    <ClCompile Include="..\..\src\entity\helicopter.cpp">
      <Filter>src\entity</Filter>
    </ClCompile>
    <ClCompile Include="..\..\src\guichan\actionevent.cpp">
      <Filter>src\guichan</Filter>
    </ClCompile>
    <ClCompile Include="..\..\src\guichan\basiccontainer.cpp">
      <Filter>src\guichan</Filter>
    </ClCompile>
    <ClCompile Include="..\..\src\guichan\cliprectangle.cpp">
      <Filter>src\guichan</Filter>
    </ClCompile>
    <ClCompile Include="..\..\src\guichan\color.cpp">
      <Filter>src\guichan</Filter>
    </ClCompile>
    <ClCompile Include="..\..\src\guichan\defaultfont.cpp">
      <Filter>src\guichan</Filter>
    </ClCompile>
    <ClCompile Include="..\..\src\guichan\event.cpp">
      <Filter>src\guichan</Filter>
    </ClCompile>
    <ClCompile Include="..\..\src\guichan\exception.cpp">
      <Filter>src\guichan</Filter>
    </ClCompile>
    <ClCompile Include="..\..\src\guichan\focushandler.cpp">
      <Filter>src\guichan</Filter>
    </ClCompile>
    <ClCompile Include="..\..\src\guichan\font.cpp">
      <Filter>src\guichan</Filter>
    </ClCompile>
    <ClCompile Include="..\..\src\guichan\genericinput.cpp">
      <Filter>src\guichan</Filter>
    </ClCompile>
    <ClCompile Include="..\..\src\guichan\graphics.cpp">
      <Filter>src\guichan</Filter>
    </ClCompile>
    <ClCompile Include="..\..\src\guichan\gui.cpp">
      <Filter>src\guichan</Filter>
    </ClCompile>
    <ClCompile Include="..\..\src\guichan\guichan.cpp">
      <Filter>src\guichan</Filter>
    </ClCompile>
    <ClCompile Include="..\..\src\guichan\image.cpp">
      <Filter>src\guichan</Filter>
    </ClCompile>
    <ClCompile Include="..\..\src\guichan\imagefont.cpp">
      <Filter>src\guichan</Filter>
    </ClCompile>
    <ClCompile Include="..\..\src\guichan\inputevent.cpp">
      <Filter>src\guichan</Filter>
    </ClCompile>
    <ClCompile Include="..\..\src\guichan\key.cpp">
      <Filter>src\guichan</Filter>
    </ClCompile>
    <ClCompile Include="..\..\src\guichan\keyevent.cpp">
      <Filter>src\guichan</Filter>
    </ClCompile>
    <ClCompile Include="..\..\src\guichan\keyinput.cpp">
      <Filter>src\guichan</Filter>
    </ClCompile>
    <ClCompile Include="..\..\src\guichan\mouseevent.cpp">
      <Filter>src\guichan</Filter>
    </ClCompile>
    <ClCompile Include="..\..\src\guichan\mouseinput.cpp">
      <Filter>src\guichan</Filter>
    </ClCompile>
    <ClCompile Include="..\..\src\guichan\rectangle.cpp">
      <Filter>src\guichan</Filter>
    </ClCompile>
    <ClCompile Include="..\..\src\guichan\selectionevent.cpp">
      <Filter>src\guichan</Filter>
    </ClCompile>
    <ClCompile Include="..\..\src\guichan\widget.cpp">
      <Filter>src\guichan</Filter>
    </ClCompile>
    <ClCompile Include="..\..\src\guichan\widgets\button.cpp">
      <Filter>src\guichan\widgets</Filter>
    </ClCompile>
    <ClCompile Include="..\..\src\guichan\widgets\checkbox.cpp">
      <Filter>src\guichan\widgets</Filter>
    </ClCompile>
    <ClCompile Include="..\..\src\guichan\widgets\container.cpp">
      <Filter>src\guichan\widgets</Filter>
    </ClCompile>
    <ClCompile Include="..\..\src\guichan\widgets\dropdown.cpp">
      <Filter>src\guichan\widgets</Filter>
    </ClCompile>
    <ClCompile Include="..\..\src\guichan\widgets\icon.cpp">
      <Filter>src\guichan\widgets</Filter>
    </ClCompile>
    <ClCompile Include="..\..\src\guichan\widgets\imagebutton.cpp">
      <Filter>src\guichan\widgets</Filter>
    </ClCompile>
    <ClCompile Include="..\..\src\guichan\widgets\label.cpp">
      <Filter>src\guichan\widgets</Filter>
    </ClCompile>
    <ClCompile Include="..\..\src\guichan\widgets\listbox.cpp">
      <Filter>src\guichan\widgets</Filter>
    </ClCompile>
    <ClCompile Include="..\..\src\guichan\widgets\radiobutton.cpp">
      <Filter>src\guichan\widgets</Filter>
    </ClCompile>
    <ClCompile Include="..\..\src\guichan\widgets\scrollarea.cpp">
      <Filter>src\guichan\widgets</Filter>
    </ClCompile>
    <ClCompile Include="..\..\src\guichan\widgets\slider.cpp">
      <Filter>src\guichan\widgets</Filter>
    </ClCompile>
    <ClCompile Include="..\..\src\guichan\widgets\tab.cpp">
      <Filter>src\guichan\widgets</Filter>
    </ClCompile>
    <ClCompile Include="..\..\src\guichan\widgets\tabbedarea.cpp">
      <Filter>src\guichan\widgets</Filter>
    </ClCompile>
    <ClCompile Include="..\..\src\guichan\widgets\textbox.cpp">
      <Filter>src\guichan\widgets</Filter>
    </ClCompile>
    <ClCompile Include="..\..\src\guichan\widgets\textfield.cpp">
      <Filter>src\guichan\widgets</Filter>
    </ClCompile>
    <ClCompile Include="..\..\src\guichan\widgets\window.cpp">
      <Filter>src\guichan\widgets</Filter>
    </ClCompile>
    <ClCompile Include="..\..\src\guichan\sdl\sdl.cpp">
      <Filter>src\guichan\sdl</Filter>
    </ClCompile>
    <ClCompile Include="..\..\src\guichan\sdl\sdlgraphics.cpp">
      <Filter>src\guichan\sdl</Filter>
    </ClCompile>
    <ClCompile Include="..\..\src\guichan\sdl\sdlimage.cpp">
      <Filter>src\guichan\sdl</Filter>
    </ClCompile>
    <ClCompile Include="..\..\src\guichan\sdl\sdlimageloader.cpp">
      <Filter>src\guichan\sdl</Filter>
    </ClCompile>
    <ClCompile Include="..\..\src\guichan\sdl\sdlinput.cpp">
      <Filter>src\guichan\sdl</Filter>
    </ClCompile>
    <ClCompile Include="..\..\src\guichan\opengl\opengl.cpp">
      <Filter>src\guichan\opengl</Filter>
    </ClCompile>
    <ClCompile Include="..\..\src\guichan\opengl\openglgraphics.cpp">
      <Filter>src\guichan\opengl</Filter>
    </ClCompile>
    <ClCompile Include="..\..\src\guichan\opengl\openglimage.cpp">
      <Filter>src\guichan\opengl</Filter>
    </ClCompile>
    <ClCompile Include="..\..\src\util\convert.cpp">
      <Filter>src\util</Filter>
    </ClCompile>
    <ClCompile Include="..\..\src\confuse\confuse.c">
      <Filter>src\confuse</Filter>
    </ClCompile>
    <ClCompile Include="..\..\src\confuse\lexer.c">
      <Filter>src\confuse</Filter>
    </ClCompile>
    <ClCompile Include="..\windows\getopt_long\getopt_long.c">
      <Filter>contrib\getopt_long</Filter>
    </ClCompile>
    <ClCompile Include="..\..\src\util\cmdline.cpp">
      <Filter>src\util</Filter>
    </ClCompile>
    <ClCompile Include="..\..\src\game_manager.cpp">
      <Filter>src</Filter>
    </ClCompile>
    <ClCompile Include="..\..\src\game_state.cpp">
      <Filter>src</Filter>
    </ClCompile>
    <ClCompile Include="..\..\src\game_engine.cpp">
      <Filter>src</Filter>
    </ClCompile>
    <ClCompile Include="..\..\src\script\lua_random_lib.cpp">
      <Filter>src\script</Filter>
    </ClCompile>
    <ClCompile Include="..\..\src\entity\unit.cpp">
      <Filter>src\entity</Filter>
    </ClCompile>
    <ClCompile Include="..\..\src\game_settings.cpp">
      <Filter>src</Filter>
    </ClCompile>
    <ClCompile Include="..\..\src\gui\newgame_weapons.cpp">
      <Filter>src\gui</Filter>
    </ClCompile>
    <ClCompile Include="..\..\src\spark\Core\SPK_BufferHandler.cpp">
      <Filter>src\spark\core</Filter>
    </ClCompile>
    <ClCompile Include="..\..\src\spark\Core\SPK_DEF.cpp">
      <Filter>src\spark\core</Filter>
    </ClCompile>
    <ClCompile Include="..\..\src\spark\Core\SPK_Emitter.cpp">
      <Filter>src\spark\core</Filter>
    </ClCompile>
    <ClCompile Include="..\..\src\spark\Core\SPK_Factory.cpp">
      <Filter>src\spark\core</Filter>
    </ClCompile>
    <ClCompile Include="..\..\src\spark\Core\SPK_Group.cpp">
      <Filter>src\spark\core</Filter>
    </ClCompile>
    <ClCompile Include="..\..\src\spark\Core\SPK_Interpolator.cpp">
      <Filter>src\spark\core</Filter>
    </ClCompile>
    <ClCompile Include="..\..\src\spark\Core\SPK_Model.cpp">
      <Filter>src\spark\core</Filter>
    </ClCompile>
    <ClCompile Include="..\..\src\spark\Core\SPK_Modifier.cpp">
      <Filter>src\spark\core</Filter>
    </ClCompile>
    <ClCompile Include="..\..\src\spark\Core\SPK_Particle.cpp">
      <Filter>src\spark\core</Filter>
    </ClCompile>
    <ClCompile Include="..\..\src\spark\Core\SPK_Registerable.cpp">
      <Filter>src\spark\core</Filter>
    </ClCompile>
    <ClCompile Include="..\..\src\spark\Core\SPK_Renderer.cpp">
      <Filter>src\spark\core</Filter>
    </ClCompile>
    <ClCompile Include="..\..\src\spark\Core\SPK_System.cpp">
      <Filter>src\spark\core</Filter>
    </ClCompile>
    <ClCompile Include="..\..\src\spark\Core\SPK_Transformable.cpp">
      <Filter>src\spark\core</Filter>
    </ClCompile>
    <ClCompile Include="..\..\src\spark\Core\SPK_Vector3D.cpp">
      <Filter>src\spark\core</Filter>
    </ClCompile>
    <ClCompile Include="..\..\src\spark\Core\SPK_Zone.cpp">
      <Filter>src\spark\core</Filter>
    </ClCompile>
    <ClCompile Include="..\..\src\spark\Extensions\Emitters\SPK_NormalEmitter.cpp">
      <Filter>src\spark\ext</Filter>
    </ClCompile>
    <ClCompile Include="..\..\src\spark\Extensions\Emitters\SPK_RandomEmitter.cpp">
      <Filter>src\spark\ext</Filter>
    </ClCompile>
    <ClCompile Include="..\..\src\spark\Extensions\Emitters\SPK_SphericEmitter.cpp">
      <Filter>src\spark\ext</Filter>
    </ClCompile>
    <ClCompile Include="..\..\src\spark\Extensions\Emitters\SPK_StraightEmitter.cpp">
      <Filter>src\spark\ext</Filter>
    </ClCompile>
    <ClCompile Include="..\..\src\spark\Extensions\Modifiers\SPK_Destroyer.cpp">
      <Filter>src\spark\ext</Filter>
    </ClCompile>
    <ClCompile Include="..\..\src\spark\Extensions\Modifiers\SPK_LinearForce.cpp">
      <Filter>src\spark\ext</Filter>
    </ClCompile>
    <ClCompile Include="..\..\src\spark\Extensions\Modifiers\SPK_ModifierGroup.cpp">
      <Filter>src\spark\ext</Filter>
    </ClCompile>
    <ClCompile Include="..\..\src\spark\Extensions\Modifiers\SPK_Obstacle.cpp">
      <Filter>src\spark\ext</Filter>
    </ClCompile>
    <ClCompile Include="..\..\src\spark\Extensions\Modifiers\SPK_PointMass.cpp">
      <Filter>src\spark\ext</Filter>
    </ClCompile>
    <ClCompile Include="..\..\src\spark\Extensions\Modifiers\SPK_Vortex.cpp">
      <Filter>src\spark\ext</Filter>
    </ClCompile>
    <ClCompile Include="..\..\src\spark\Extensions\Modifiers\SPK_Collision.cpp">
      <Filter>src\spark\ext</Filter>
    </ClCompile>
    <ClCompile Include="..\..\src\spark\Extensions\Renderers\SPK_Oriented3DRendererInterface.cpp">
      <Filter>src\spark\ext</Filter>
    </ClCompile>
    <ClCompile Include="..\..\src\spark\Extensions\Renderers\SPK_QuadRendererInterface.cpp">
      <Filter>src\spark\ext</Filter>
    </ClCompile>
    <ClCompile Include="..\..\src\spark\Extensions\Zones\SPK_Line.cpp">
      <Filter>src\spark\ext</Filter>
    </ClCompile>
    <ClCompile Include="..\..\src\spark\Extensions\Zones\SPK_Plane.cpp">
      <Filter>src\spark\ext</Filter>
    </ClCompile>
    <ClCompile Include="..\..\src\spark\Extensions\Zones\SPK_Point.cpp">
      <Filter>src\spark\ext</Filter>
    </ClCompile>
    <ClCompile Include="..\..\src\spark\Extensions\Zones\SPK_Ring.cpp">
      <Filter>src\spark\ext</Filter>
    </ClCompile>
    <ClCompile Include="..\..\src\spark\Extensions\Zones\SPK_Sphere.cpp">
      <Filter>src\spark\ext</Filter>
    </ClCompile>
    <ClCompile Include="..\..\src\spark\Extensions\Zones\SPK_AABox.cpp">
      <Filter>src\spark\ext</Filter>
    </ClCompile>
    <ClCompile Include="..\..\src\spark\Extensions\Zones\SPK_Cylinder.cpp">
      <Filter>src\spark\ext</Filter>
    </ClCompile>
    <ClCompile Include="..\..\src\render\render_ascii.cpp">
      <Filter>src\render</Filter>
    </ClCompile>
    <ClCompile Include="..\..\src\script\lua_dialog_lib.cpp">
      <Filter>src\script</Filter>
    </ClCompile>
    <ClCompile Include="..\..\src\map\map.cpp">
      <Filter>src\map</Filter>
    </ClCompile>
    <ClCompile Include="..\..\src\map\zone.cpp">
      <Filter>src\map</Filter>
    </ClCompile>
    <ClCompile Include="..\..\src\gui\textprompt.cpp">
      <Filter>src\gui</Filter>
    </ClCompile>
    <ClCompile Include="..\..\src\script\lua_entity_lib.cpp">
      <Filter>src\script</Filter>
    </ClCompile>
    <ClCompile Include="..\..\src\script\lua_world_lib.cpp">
      <Filter>src\script</Filter>
    </ClCompile>
    <ClCompile Include="..\..\src\script\lua_physics_lib.cpp">
      <Filter>src\script</Filter>
    </ClCompile>
    <ClCompile Include="..\..\src\gui\textbox.cpp">
      <Filter>src\gui</Filter>
    </ClCompile>
    <ClCompile Include="..\..\src\gui\buttonbar.cpp">
      <Filter>src\gui</Filter>
    </ClCompile>
    <ClCompile Include="..\..\src\i18n\gettext.cpp">
      <Filter>src\i18n</Filter>
    </ClCompile>
    <ClCompile Include="..\..\src\util\utf8.cpp">
      <Filter>src\util</Filter>
    </ClCompile>
    <ClCompile Include="..\..\src\map\heightmap.cpp">
      <Filter>src\map</Filter>
    </ClCompile>
    <ClCompile Include="..\..\src\map\reg.cpp">
      <Filter>src\map</Filter>
    </ClCompile>
    <ClCompile Include="..\..\src\map\mesh.cpp">
      <Filter>src\map</Filter>
    </ClCompile>
    <ClCompile Include="..\..\src\fx\weather.cpp">
      <Filter>src\fx</Filter>
    </ClCompile>
    <ClCompile Include="..\..\src\spark\RenderingAPIs\OpenGL\SPK_GL2LineRenderer.cpp">
      <Filter>src\spark\opengl</Filter>
    </ClCompile>
    <ClCompile Include="..\..\src\spark\RenderingAPIs\OpenGL\SPK_GL2PointRenderer.cpp">
      <Filter>src\spark\opengl</Filter>
    </ClCompile>
    <ClCompile Include="..\..\src\spark\RenderingAPIs\OpenGL\SPK_GLRenderer.cpp">
      <Filter>src\spark\opengl</Filter>
    </ClCompile>
    <ClCompile Include="..\..\src\gui\newgame_environment.cpp">
      <Filter>src\gui</Filter>
    </ClCompile>
    <ClCompile Include="..\..\src\gui\listprompt.cpp">
      <Filter>src\gui</Filter>
    </ClCompile>
    <ClCompile Include="..\..\src\lua\lapi.c">
      <Filter>src\lua</Filter>
    </ClCompile>
    <ClCompile Include="..\..\src\lua\lauxlib.c">
      <Filter>src\lua</Filter>
    </ClCompile>
    <ClCompile Include="..\..\src\lua\lbaselib.c">
      <Filter>src\lua</Filter>
    </ClCompile>
    <ClCompile Include="..\..\src\lua\lbitlib.c">
      <Filter>src\lua</Filter>
    </ClCompile>
    <ClCompile Include="..\..\src\lua\lcode.c">
      <Filter>src\lua</Filter>
    </ClCompile>
    <ClCompile Include="..\..\src\lua\lcorolib.c">
      <Filter>src\lua</Filter>
    </ClCompile>
    <ClCompile Include="..\..\src\lua\lctype.c">
      <Filter>src\lua</Filter>
    </ClCompile>
    <ClCompile Include="..\..\src\lua\ldblib.c">
      <Filter>src\lua</Filter>
    </ClCompile>
    <ClCompile Include="..\..\src\lua\ldebug.c">
      <Filter>src\lua</Filter>
    </ClCompile>
    <ClCompile Include="..\..\src\lua\ldo.c">
      <Filter>src\lua</Filter>
    </ClCompile>
    <ClCompile Include="..\..\src\lua\ldump.c">
      <Filter>src\lua</Filter>
    </ClCompile>
    <ClCompile Include="..\..\src\lua\lfunc.c">
      <Filter>src\lua</Filter>
    </ClCompile>
    <ClCompile Include="..\..\src\lua\lgc.c">
      <Filter>src\lua</Filter>
    </ClCompile>
    <ClCompile Include="..\..\src\lua\linit.c">
      <Filter>src\lua</Filter>
    </ClCompile>
    <ClCompile Include="..\..\src\lua\liolib.c">
      <Filter>src\lua</Filter>
    </ClCompile>
    <ClCompile Include="..\..\src\lua\llex.c">
      <Filter>src\lua</Filter>
    </ClCompile>
    <ClCompile Include="..\..\src\lua\lmathlib.c">
      <Filter>src\lua</Filter>
    </ClCompile>
    <ClCompile Include="..\..\src\lua\lmem.c">
      <Filter>src\lua</Filter>
    </ClCompile>
    <ClCompile Include="..\..\src\lua\loadlib.c">
      <Filter>src\lua</Filter>
    </ClCompile>
    <ClCompile Include="..\..\src\lua\lobject.c">
      <Filter>src\lua</Filter>
    </ClCompile>
    <ClCompile Include="..\..\src\lua\lopcodes.c">
      <Filter>src\lua</Filter>
    </ClCompile>
    <ClCompile Include="..\..\src\lua\loslib.c">
      <Filter>src\lua</Filter>
    </ClCompile>
    <ClCompile Include="..\..\src\lua\lparser.c">
      <Filter>src\lua</Filter>
    </ClCompile>
    <ClCompile Include="..\..\src\lua\lstate.c">
      <Filter>src\lua</Filter>
    </ClCompile>
    <ClCompile Include="..\..\src\lua\lstring.c">
      <Filter>src\lua</Filter>
    </ClCompile>
    <ClCompile Include="..\..\src\lua\lstrlib.c">
      <Filter>src\lua</Filter>
    </ClCompile>
    <ClCompile Include="..\..\src\lua\ltable.c">
      <Filter>src\lua</Filter>
    </ClCompile>
    <ClCompile Include="..\..\src\lua\ltablib.c">
      <Filter>src\lua</Filter>
    </ClCompile>
    <ClCompile Include="..\..\src\lua\ltm.c">
      <Filter>src\lua</Filter>
    </ClCompile>
    <ClCompile Include="..\..\src\lua\lundump.c">
      <Filter>src\lua</Filter>
    </ClCompile>
    <ClCompile Include="..\..\src\lua\lvm.c">
      <Filter>src\lua</Filter>
    </ClCompile>
    <ClCompile Include="..\..\src\lua\lzio.c">
      <Filter>src\lua</Filter>
    </ClCompile>
    <ClCompile Include="..\..\src\render_opengl\animplay.cpp">
      <Filter>src\render_opengl</Filter>
    </ClCompile>
    <ClCompile Include="..\..\src\render_opengl\assimpmodel.cpp">
      <Filter>src\render_opengl</Filter>
    </ClCompile>
    <ClCompile Include="..\..\src\render_opengl\gl_debug_drawer.cpp">
      <Filter>src\render_opengl</Filter>
    </ClCompile>
    <ClCompile Include="..\..\src\render_opengl\glshader.cpp">
      <Filter>src\render_opengl</Filter>
    </ClCompile>
    <ClCompile Include="..\..\src\render_opengl\glvao.cpp">
      <Filter>src\render_opengl</Filter>
    </ClCompile>
    <ClCompile Include="..\..\src\render_opengl\guichan_font.cpp">
      <Filter>src\render_opengl</Filter>
    </ClCompile>
    <ClCompile Include="..\..\src\render_opengl\guichan_imageloader.cpp">
      <Filter>src\render_opengl</Filter>
    </ClCompile>
    <ClCompile Include="..\..\src\render_opengl\hud.cpp">
      <Filter>src\render_opengl</Filter>
    </ClCompile>
    <ClCompile Include="..\..\src\render_opengl\intro.cpp">
      <Filter>src\render_opengl</Filter>
    </ClCompile>
    <ClCompile Include="..\..\src\render_opengl\menu.cpp">
      <Filter>src\render_opengl</Filter>
    </ClCompile>
    <ClCompile Include="..\..\src\render_opengl\light.cpp">
      <Filter>src\render_opengl</Filter>
    </ClCompile>
    <ClCompile Include="..\..\src\render_opengl\render_opengl.cpp">
      <Filter>src\render_opengl</Filter>
    </ClCompile>
  </ItemGroup>
  <ItemGroup>
    <ClInclude Include="..\..\src\game.h">
      <Filter>src</Filter>
    </ClInclude>
    <ClInclude Include="..\..\src\game_state.h">
      <Filter>src</Filter>
    </ClInclude>
    <ClInclude Include="..\..\src\game_engine.h">
      <Filter>src</Filter>
    </ClInclude>
    <ClInclude Include="..\..\src\physics_bullet.h">
      <Filter>src</Filter>
    </ClInclude>
    <ClInclude Include="..\..\src\rage.h">
      <Filter>src</Filter>
    </ClInclude>
    <ClInclude Include="..\..\src\audio\audio_sdlmixer.h">
      <Filter>src\audio</Filter>
    </ClInclude>
    <ClInclude Include="..\..\src\audio\audio.h">
      <Filter>src\audio</Filter>
    </ClInclude>
    <ClInclude Include="..\..\src\audio\audio_null.h">
      <Filter>src\audio</Filter>
    </ClInclude>
    <ClInclude Include="..\..\src\gui\controls.h">
      <Filter>src\gui</Filter>
    </ClInclude>
    <ClInclude Include="..\..\src\gui\dialog.h">
      <Filter>src\gui</Filter>
    </ClInclude>
    <ClInclude Include="..\..\src\gui\network.h">
      <Filter>src\gui</Filter>
    </ClInclude>
    <ClInclude Include="..\..\src\gui\newcampaign.h">
      <Filter>src\gui</Filter>
    </ClInclude>
    <ClInclude Include="..\..\src\gui\newgame.h">
      <Filter>src\gui</Filter>
    </ClInclude>
    <ClInclude Include="..\..\src\http\client_stats.h">
      <Filter>src\http</Filter>
    </ClInclude>
    <ClInclude Include="..\..\src\http\happyhttp.h">
      <Filter>src\http</Filter>
    </ClInclude>
    <ClInclude Include="..\..\src\http\serverlist.h">
      <Filter>src\http</Filter>
    </ClInclude>
    <ClInclude Include="..\..\src\http\url.h">
      <Filter>src\http</Filter>
    </ClInclude>
    <ClInclude Include="..\..\src\script\ailogic.h">
      <Filter>src\script</Filter>
    </ClInclude>
    <ClInclude Include="..\..\src\mod\aitype.h">
      <Filter>src\mod</Filter>
    </ClInclude>
    <ClInclude Include="..\..\src\util\btStrideHeightfieldTerrainShape.h">
      <Filter>src\util</Filter>
    </ClInclude>
    <ClInclude Include="..\..\src\util\clientconfig.h">
      <Filter>src\util</Filter>
    </ClInclude>
    <ClInclude Include="..\..\src\util\cmdline.h">
      <Filter>src\util</Filter>
    </ClInclude>
    <ClInclude Include="..\..\src\util\debug.h">
      <Filter>src\util</Filter>
    </ClInclude>
    <ClInclude Include="..\..\src\util\obj.h">
      <Filter>src\util</Filter>
    </ClInclude>
    <ClInclude Include="..\..\src\util\sdl_util.h">
      <Filter>src\util</Filter>
    </ClInclude>
    <ClInclude Include="..\..\src\util\serverconfig.h">
      <Filter>src\util</Filter>
    </ClInclude>
    <ClInclude Include="..\..\src\util\ui_update.h">
      <Filter>src\util</Filter>
    </ClInclude>
    <ClInclude Include="..\..\src\util\util.h">
      <Filter>src\util</Filter>
    </ClInclude>
    <ClInclude Include="..\..\src\util\windowicon.h">
      <Filter>src\util</Filter>
    </ClInclude>
    <ClInclude Include="..\..\src\render\render.h">
      <Filter>src\render</Filter>
    </ClInclude>
    <ClInclude Include="..\..\src\render\render_3d.h">
      <Filter>src\render</Filter>
    </ClInclude>
    <ClInclude Include="..\..\src\render\render_debug.h">
      <Filter>src\render</Filter>
    </ClInclude>
    <ClInclude Include="..\..\src\render\render_null.h">
      <Filter>src\render</Filter>
    </ClInclude>
    <ClInclude Include="..\..\src\platform\platform.h">
      <Filter>src\platform</Filter>
    </ClInclude>
    <ClInclude Include="..\..\src\mod\mod_proxy.h">
      <Filter>src\mod</Filter>
    </ClInclude>
    <ClInclude Include="..\..\src\mod\mod.h">
      <Filter>src\mod</Filter>
    </ClInclude>
    <ClInclude Include="..\..\src\mod\mod_manager.h">
      <Filter>src\mod</Filter>
    </ClInclude>
    <ClInclude Include="..\..\src\net\net_server.h">
      <Filter>src\net</Filter>
    </ClInclude>
    <ClInclude Include="..\..\src\net\net.h">
      <Filter>src\net</Filter>
    </ClInclude>
    <ClInclude Include="..\..\src\net\net_client.h">
      <Filter>src\net</Filter>
    </ClInclude>
    <ClInclude Include="..\..\src\net\net_gameinfo.h">
      <Filter>src\net</Filter>
    </ClInclude>
    <ClInclude Include="..\..\src\weapons\weapons.h">
      <Filter>src\weapons</Filter>
    </ClInclude>
    <ClInclude Include="..\..\src\mod\weapontype.h">
      <Filter>src\mod</Filter>
    </ClInclude>
    <ClInclude Include="..\..\src\mod\walltype.h">
      <Filter>src\mod</Filter>
    </ClInclude>
    <ClInclude Include="..\..\src\mod\vehicletype.h">
      <Filter>src\mod</Filter>
    </ClInclude>
    <ClInclude Include="..\..\src\mod\unittype.h">
      <Filter>src\mod</Filter>
    </ClInclude>
    <ClInclude Include="..\..\src\mod\song.h">
      <Filter>src\mod</Filter>
    </ClInclude>
    <ClInclude Include="..\..\src\mod\objecttype.h">
      <Filter>src\mod</Filter>
    </ClInclude>
    <ClInclude Include="..\..\src\script\gamelogic.h">
      <Filter>src\script</Filter>
    </ClInclude>
    <ClInclude Include="..\..\src\script\lua_libs.h">
      <Filter>src\script</Filter>
    </ClInclude>
    <ClInclude Include="..\..\src\mod\campaign.h">
      <Filter>src\mod</Filter>
    </ClInclude>
    <ClInclude Include="..\..\src\mod\gametype.h">
      <Filter>src\mod</Filter>
    </ClInclude>
    <ClInclude Include="..\..\src\script\luatimer.h">
      <Filter>src\script</Filter>
    </ClInclude>
    <ClInclude Include="..\..\src\entity\ammo_round.h">
      <Filter>src\entity</Filter>
    </ClInclude>
    <ClInclude Include="..\..\src\entity\decaying.h">
      <Filter>src\entity</Filter>
    </ClInclude>
    <ClInclude Include="..\..\src\entity\entity.h">
      <Filter>src\entity</Filter>
    </ClInclude>
    <ClInclude Include="..\..\src\entity\npc.h">
      <Filter>src\entity</Filter>
    </ClInclude>
    <ClInclude Include="..\..\src\entity\object.h">
      <Filter>src\entity</Filter>
    </ClInclude>
    <ClInclude Include="..\..\src\entity\player.h">
      <Filter>src\entity</Filter>
    </ClInclude>
    <ClInclude Include="..\..\src\entity\unit.h">
      <Filter>src\entity</Filter>
    </ClInclude>
    <ClInclude Include="..\..\src\entity\vehicle.h">
      <Filter>src\entity</Filter>
    </ClInclude>
    <ClInclude Include="..\..\src\entity\wall.h">
      <Filter>src\entity</Filter>
    </ClInclude>
    <ClInclude Include="..\..\src\fx\newparticle.h">
      <Filter>src\fx</Filter>
    </ClInclude>
    <ClInclude Include="..\..\src\mod\confuse_types.h">
      <Filter>src\mod</Filter>
    </ClInclude>
    <ClInclude Include="..\..\src\gui\client_settings.h">
      <Filter>src\gui</Filter>
    </ClInclude>
    <ClInclude Include="..\..\src\gui\mods.h">
      <Filter>src\gui</Filter>
    </ClInclude>
    <ClInclude Include="..\..\src\weapons\ghost_objects.h">
      <Filter>src\weapons</Filter>
    </ClInclude>
    <ClInclude Include="..\..\src\entity\pickup.h">
      <Filter>src\entity</Filter>
    </ClInclude>
    <ClInclude Include="..\..\src\mod\pickuptype.h">
      <Filter>src\mod</Filter>
    </ClInclude>
    <ClInclude Include="..\..\src\util\btCRKinematicCharacterController.h">
      <Filter>src\util</Filter>
    </ClInclude>
    <ClInclude Include="..\..\src\net\net_browse.h">
      <Filter>src\net</Filter>
    </ClInclude>
    <ClInclude Include="..\..\src\util\crc32.h">
      <Filter>src\util</Filter>
    </ClInclude>
    <ClInclude Include="..\..\src\entity\helicopter.h">
      <Filter>src\entity</Filter>
    </ClInclude>
    <ClInclude Include="..\..\src\util\stream_redirector.h">
      <Filter>src\util</Filter>
    </ClInclude>
    <ClInclude Include="..\..\src\guichan\actionevent.hpp">
      <Filter>src\guichan</Filter>
    </ClInclude>
    <ClInclude Include="..\..\src\guichan\actionlistener.hpp">
      <Filter>src\guichan</Filter>
    </ClInclude>
    <ClInclude Include="..\..\src\guichan\allegro.hpp">
      <Filter>src\guichan</Filter>
    </ClInclude>
    <ClInclude Include="..\..\src\guichan\basiccontainer.hpp">
      <Filter>src\guichan</Filter>
    </ClInclude>
    <ClInclude Include="..\..\src\guichan\cliprectangle.hpp">
      <Filter>src\guichan</Filter>
    </ClInclude>
    <ClInclude Include="..\..\src\guichan\color.hpp">
      <Filter>src\guichan</Filter>
    </ClInclude>
    <ClInclude Include="..\..\src\guichan\deathlistener.hpp">
      <Filter>src\guichan</Filter>
    </ClInclude>
    <ClInclude Include="..\..\src\guichan\defaultfont.hpp">
      <Filter>src\guichan</Filter>
    </ClInclude>
    <ClInclude Include="..\..\src\guichan\event.hpp">
      <Filter>src\guichan</Filter>
    </ClInclude>
    <ClInclude Include="..\..\src\guichan\exception.hpp">
      <Filter>src\guichan</Filter>
    </ClInclude>
    <ClInclude Include="..\..\src\guichan\focushandler.hpp">
      <Filter>src\guichan</Filter>
    </ClInclude>
    <ClInclude Include="..\..\src\guichan\focuslistener.hpp">
      <Filter>src\guichan</Filter>
    </ClInclude>
    <ClInclude Include="..\..\src\guichan\font.hpp">
      <Filter>src\guichan</Filter>
    </ClInclude>
    <ClInclude Include="..\..\src\guichan\genericinput.hpp">
      <Filter>src\guichan</Filter>
    </ClInclude>
    <ClInclude Include="..\..\src\guichan\glut.hpp">
      <Filter>src\guichan</Filter>
    </ClInclude>
    <ClInclude Include="..\..\src\guichan\graphics.hpp">
      <Filter>src\guichan</Filter>
    </ClInclude>
    <ClInclude Include="..\..\src\guichan\gui.hpp">
      <Filter>src\guichan</Filter>
    </ClInclude>
    <ClInclude Include="..\..\src\guichan\guichan.hpp">
      <Filter>src\guichan</Filter>
    </ClInclude>
    <ClInclude Include="..\..\src\guichan\hge.hpp">
      <Filter>src\guichan</Filter>
    </ClInclude>
    <ClInclude Include="..\..\src\guichan\image.hpp">
      <Filter>src\guichan</Filter>
    </ClInclude>
    <ClInclude Include="..\..\src\guichan\imagefont.hpp">
      <Filter>src\guichan</Filter>
    </ClInclude>
    <ClInclude Include="..\..\src\guichan\imageloader.hpp">
      <Filter>src\guichan</Filter>
    </ClInclude>
    <ClInclude Include="..\..\src\guichan\input.hpp">
      <Filter>src\guichan</Filter>
    </ClInclude>
    <ClInclude Include="..\..\src\guichan\inputevent.hpp">
      <Filter>src\guichan</Filter>
    </ClInclude>
    <ClInclude Include="..\..\src\guichan\key.hpp">
      <Filter>src\guichan</Filter>
    </ClInclude>
    <ClInclude Include="..\..\src\guichan\keyevent.hpp">
      <Filter>src\guichan</Filter>
    </ClInclude>
    <ClInclude Include="..\..\src\guichan\keyinput.hpp">
      <Filter>src\guichan</Filter>
    </ClInclude>
    <ClInclude Include="..\..\src\guichan\keylistener.hpp">
      <Filter>src\guichan</Filter>
    </ClInclude>
    <ClInclude Include="..\..\src\guichan\listmodel.hpp">
      <Filter>src\guichan</Filter>
    </ClInclude>
    <ClInclude Include="..\..\src\guichan\mouseevent.hpp">
      <Filter>src\guichan</Filter>
    </ClInclude>
    <ClInclude Include="..\..\src\guichan\mouseinput.hpp">
      <Filter>src\guichan</Filter>
    </ClInclude>
    <ClInclude Include="..\..\src\guichan\mouselistener.hpp">
      <Filter>src\guichan</Filter>
    </ClInclude>
    <ClInclude Include="..\..\src\guichan\opengl.hpp">
      <Filter>src\guichan</Filter>
    </ClInclude>
    <ClInclude Include="..\..\src\guichan\openlayer.hpp">
      <Filter>src\guichan</Filter>
    </ClInclude>
    <ClInclude Include="..\..\src\guichan\platform.hpp">
      <Filter>src\guichan</Filter>
    </ClInclude>
    <ClInclude Include="..\..\src\guichan\rectangle.hpp">
      <Filter>src\guichan</Filter>
    </ClInclude>
    <ClInclude Include="..\..\src\guichan\sdl.hpp">
      <Filter>src\guichan</Filter>
    </ClInclude>
    <ClInclude Include="..\..\src\guichan\selectionevent.hpp">
      <Filter>src\guichan</Filter>
    </ClInclude>
    <ClInclude Include="..\..\src\guichan\selectionlistener.hpp">
      <Filter>src\guichan</Filter>
    </ClInclude>
    <ClInclude Include="..\..\src\guichan\widget.hpp">
      <Filter>src\guichan</Filter>
    </ClInclude>
    <ClInclude Include="..\..\src\guichan\widgetlistener.hpp">
      <Filter>src\guichan</Filter>
    </ClInclude>
    <ClInclude Include="..\..\src\guichan\widgets\button.hpp">
      <Filter>src\guichan\widgets</Filter>
    </ClInclude>
    <ClInclude Include="..\..\src\guichan\widgets\checkbox.hpp">
      <Filter>src\guichan\widgets</Filter>
    </ClInclude>
    <ClInclude Include="..\..\src\guichan\widgets\container.hpp">
      <Filter>src\guichan\widgets</Filter>
    </ClInclude>
    <ClInclude Include="..\..\src\guichan\widgets\dropdown.hpp">
      <Filter>src\guichan\widgets</Filter>
    </ClInclude>
    <ClInclude Include="..\..\src\guichan\widgets\icon.hpp">
      <Filter>src\guichan\widgets</Filter>
    </ClInclude>
    <ClInclude Include="..\..\src\guichan\widgets\imagebutton.hpp">
      <Filter>src\guichan\widgets</Filter>
    </ClInclude>
    <ClInclude Include="..\..\src\guichan\widgets\label.hpp">
      <Filter>src\guichan\widgets</Filter>
    </ClInclude>
    <ClInclude Include="..\..\src\guichan\widgets\listbox.hpp">
      <Filter>src\guichan\widgets</Filter>
    </ClInclude>
    <ClInclude Include="..\..\src\guichan\widgets\radiobutton.hpp">
      <Filter>src\guichan\widgets</Filter>
    </ClInclude>
    <ClInclude Include="..\..\src\guichan\widgets\scrollarea.hpp">
      <Filter>src\guichan\widgets</Filter>
    </ClInclude>
    <ClInclude Include="..\..\src\guichan\widgets\slider.hpp">
      <Filter>src\guichan\widgets</Filter>
    </ClInclude>
    <ClInclude Include="..\..\src\guichan\widgets\tab.hpp">
      <Filter>src\guichan\widgets</Filter>
    </ClInclude>
    <ClInclude Include="..\..\src\guichan\widgets\tabbedarea.hpp">
      <Filter>src\guichan\widgets</Filter>
    </ClInclude>
    <ClInclude Include="..\..\src\guichan\widgets\textbox.hpp">
      <Filter>src\guichan\widgets</Filter>
    </ClInclude>
    <ClInclude Include="..\..\src\guichan\widgets\textfield.hpp">
      <Filter>src\guichan\widgets</Filter>
    </ClInclude>
    <ClInclude Include="..\..\src\guichan\widgets\window.hpp">
      <Filter>src\guichan\widgets</Filter>
    </ClInclude>
    <ClInclude Include="..\..\src\guichan\sdl\sdlgraphics.hpp">
      <Filter>src\guichan\sdl</Filter>
    </ClInclude>
    <ClInclude Include="..\..\src\guichan\sdl\sdlimage.hpp">
      <Filter>src\guichan\sdl</Filter>
    </ClInclude>
    <ClInclude Include="..\..\src\guichan\sdl\sdlimageloader.hpp">
      <Filter>src\guichan\sdl</Filter>
    </ClInclude>
    <ClInclude Include="..\..\src\guichan\sdl\sdlinput.hpp">
      <Filter>src\guichan\sdl</Filter>
    </ClInclude>
    <ClInclude Include="..\..\src\guichan\sdl\sdlpixel.hpp">
      <Filter>src\guichan\sdl</Filter>
    </ClInclude>
    <ClInclude Include="..\..\src\guichan\opengl\openglallegroimageloader.hpp">
      <Filter>src\guichan\opengl</Filter>
    </ClInclude>
    <ClInclude Include="..\..\src\guichan\opengl\openglgraphics.hpp">
      <Filter>src\guichan\opengl</Filter>
    </ClInclude>
    <ClInclude Include="..\..\src\guichan\opengl\openglimage.hpp">
      <Filter>src\guichan\opengl</Filter>
    </ClInclude>
    <ClInclude Include="..\..\src\guichan\opengl\openglsdlimageloader.hpp">
      <Filter>src\guichan\opengl</Filter>
    </ClInclude>
    <ClInclude Include="..\..\src\util\convert.h">
      <Filter>src\util</Filter>
    </ClInclude>
    <ClInclude Include="..\..\src\confuse\config.h">
      <Filter>src\confuse</Filter>
    </ClInclude>
    <ClInclude Include="..\..\src\confuse\confuse.h">
      <Filter>src\confuse</Filter>
    </ClInclude>
    <ClInclude Include="..\..\src\render\sprite.h">
      <Filter>src\render</Filter>
    </ClInclude>
    <ClInclude Include="..\windows\getopt_long\getopt.h">
      <Filter>contrib\getopt_long</Filter>
    </ClInclude>
    <ClInclude Include="..\..\src\game_manager.h">
      <Filter>src</Filter>
    </ClInclude>
    <ClInclude Include="..\..\src\game_settings.h">
      <Filter>src</Filter>
    </ClInclude>
    <ClInclude Include="..\..\src\gui\newgame_weapons.h">
      <Filter>src\gui</Filter>
    </ClInclude>
    <ClInclude Include="..\..\src\spark\Core\SPK_BufferHandler.h">
      <Filter>src\spark\core</Filter>
    </ClInclude>
    <ClInclude Include="..\..\src\spark\Core\SPK_DEF.h">
      <Filter>src\spark\core</Filter>
    </ClInclude>
    <ClInclude Include="..\..\src\spark\Core\SPK_Emitter.h">
      <Filter>src\spark\core</Filter>
    </ClInclude>
    <ClInclude Include="..\..\src\spark\Core\SPK_Factory.h">
      <Filter>src\spark\core</Filter>
    </ClInclude>
    <ClInclude Include="..\..\src\spark\Core\SPK_Group.h">
      <Filter>src\spark\core</Filter>
    </ClInclude>
    <ClInclude Include="..\..\src\spark\Core\SPK_Interpolator.h">
      <Filter>src\spark\core</Filter>
    </ClInclude>
    <ClInclude Include="..\..\src\spark\Core\SPK_Model.h">
      <Filter>src\spark\core</Filter>
    </ClInclude>
    <ClInclude Include="..\..\src\spark\Core\SPK_Modifier.h">
      <Filter>src\spark\core</Filter>
    </ClInclude>
    <ClInclude Include="..\..\src\spark\Core\SPK_Particle.h">
      <Filter>src\spark\core</Filter>
    </ClInclude>
    <ClInclude Include="..\..\src\spark\Core\SPK_Pool.h">
      <Filter>src\spark\core</Filter>
    </ClInclude>
    <ClInclude Include="..\..\src\spark\Core\SPK_Registerable.h">
      <Filter>src\spark\core</Filter>
    </ClInclude>
    <ClInclude Include="..\..\src\spark\Core\SPK_RegWrapper.h">
      <Filter>src\spark\core</Filter>
    </ClInclude>
    <ClInclude Include="..\..\src\spark\Core\SPK_Renderer.h">
      <Filter>src\spark\core</Filter>
    </ClInclude>
    <ClInclude Include="..\..\src\spark\Core\SPK_System.h">
      <Filter>src\spark\core</Filter>
    </ClInclude>
    <ClInclude Include="..\..\src\spark\Core\SPK_Transformable.h">
      <Filter>src\spark\core</Filter>
    </ClInclude>
    <ClInclude Include="..\..\src\spark\Core\SPK_Vector3D.h">
      <Filter>src\spark\core</Filter>
    </ClInclude>
    <ClInclude Include="..\..\src\spark\Core\SPK_Zone.h">
      <Filter>src\spark\core</Filter>
    </ClInclude>
    <ClInclude Include="..\..\src\spark\Core\SPK_ArrayBuffer.h">
      <Filter>src\spark\core</Filter>
    </ClInclude>
    <ClInclude Include="..\..\src\spark\Core\SPK_Buffer.h">
      <Filter>src\spark\core</Filter>
    </ClInclude>
    <ClInclude Include="..\..\src\spark\Extensions\Emitters\SPK_NormalEmitter.h">
      <Filter>src\spark\ext</Filter>
    </ClInclude>
    <ClInclude Include="..\..\src\spark\Extensions\Emitters\SPK_RandomEmitter.h">
      <Filter>src\spark\ext</Filter>
    </ClInclude>
    <ClInclude Include="..\..\src\spark\Extensions\Emitters\SPK_SphericEmitter.h">
      <Filter>src\spark\ext</Filter>
    </ClInclude>
    <ClInclude Include="..\..\src\spark\Extensions\Emitters\SPK_StaticEmitter.h">
      <Filter>src\spark\ext</Filter>
    </ClInclude>
    <ClInclude Include="..\..\src\spark\Extensions\Emitters\SPK_StraightEmitter.h">
      <Filter>src\spark\ext</Filter>
    </ClInclude>
    <ClInclude Include="..\..\src\spark\Extensions\Modifiers\SPK_Collision.h">
      <Filter>src\spark\ext</Filter>
    </ClInclude>
    <ClInclude Include="..\..\src\spark\Extensions\Modifiers\SPK_Destroyer.h">
      <Filter>src\spark\ext</Filter>
    </ClInclude>
    <ClInclude Include="..\..\src\spark\Extensions\Modifiers\SPK_LinearForce.h">
      <Filter>src\spark\ext</Filter>
    </ClInclude>
    <ClInclude Include="..\..\src\spark\Extensions\Modifiers\SPK_ModifierGroup.h">
      <Filter>src\spark\ext</Filter>
    </ClInclude>
    <ClInclude Include="..\..\src\spark\Extensions\Modifiers\SPK_Obstacle.h">
      <Filter>src\spark\ext</Filter>
    </ClInclude>
    <ClInclude Include="..\..\src\spark\Extensions\Modifiers\SPK_PointMass.h">
      <Filter>src\spark\ext</Filter>
    </ClInclude>
    <ClInclude Include="..\..\src\spark\Extensions\Modifiers\SPK_Rotator.h">
      <Filter>src\spark\ext</Filter>
    </ClInclude>
    <ClInclude Include="..\..\src\spark\Extensions\Modifiers\SPK_Vortex.h">
      <Filter>src\spark\ext</Filter>
    </ClInclude>
    <ClInclude Include="..\..\src\spark\Extensions\Renderers\SPK_Oriented3DRendererInterface.h">
      <Filter>src\spark\ext</Filter>
    </ClInclude>
    <ClInclude Include="..\..\src\spark\Extensions\Renderers\SPK_PointRendererInterface.h">
      <Filter>src\spark\ext</Filter>
    </ClInclude>
    <ClInclude Include="..\..\src\spark\Extensions\Renderers\SPK_QuadRendererInterface.h">
      <Filter>src\spark\ext</Filter>
    </ClInclude>
    <ClInclude Include="..\..\src\spark\Extensions\Renderers\SPK_LineRendererInterface.h">
      <Filter>src\spark\ext</Filter>
    </ClInclude>
    <ClInclude Include="..\..\src\spark\Extensions\Renderers\SPK_Oriented2DRendererInterface.h">
      <Filter>src\spark\ext</Filter>
    </ClInclude>
    <ClInclude Include="..\..\src\spark\Extensions\Zones\SPK_Cylinder.h">
      <Filter>src\spark\ext</Filter>
    </ClInclude>
    <ClInclude Include="..\..\src\spark\Extensions\Zones\SPK_Line.h">
      <Filter>src\spark\ext</Filter>
    </ClInclude>
    <ClInclude Include="..\..\src\spark\Extensions\Zones\SPK_Plane.h">
      <Filter>src\spark\ext</Filter>
    </ClInclude>
    <ClInclude Include="..\..\src\spark\Extensions\Zones\SPK_Point.h">
      <Filter>src\spark\ext</Filter>
    </ClInclude>
    <ClInclude Include="..\..\src\spark\Extensions\Zones\SPK_Ring.h">
      <Filter>src\spark\ext</Filter>
    </ClInclude>
    <ClInclude Include="..\..\src\spark\Extensions\Zones\SPK_Sphere.h">
      <Filter>src\spark\ext</Filter>
    </ClInclude>
    <ClInclude Include="..\..\src\spark\Extensions\Zones\SPK_AABox.h">
      <Filter>src\spark\ext</Filter>
    </ClInclude>
    <ClInclude Include="..\..\src\spark\SPK.h">
      <Filter>src\spark</Filter>
    </ClInclude>
    <ClInclude Include="..\..\src\spark\SPK_GL.h">
      <Filter>src\spark</Filter>
    </ClInclude>
    <ClInclude Include="..\..\src\render\render_ascii.h">
      <Filter>src\render</Filter>
    </ClInclude>
    <ClInclude Include="..\..\src\map\map.h">
      <Filter>src\map</Filter>
    </ClInclude>
    <ClInclude Include="..\..\src\map\zone.h">
      <Filter>src\map</Filter>
    </ClInclude>
    <ClInclude Include="..\..\src\gui\textprompt.h">
      <Filter>src\gui</Filter>
    </ClInclude>
    <ClInclude Include="..\..\src\gui\textbox.h">
      <Filter>src\gui</Filter>
    </ClInclude>
    <ClInclude Include="..\..\src\gui\buttonbar.h">
      <Filter>src\gui</Filter>
    </ClInclude>
    <ClInclude Include="..\..\src\i18n\gettext.h">
      <Filter>src\i18n</Filter>
    </ClInclude>
    <ClInclude Include="..\..\src\util\utf8.h">
      <Filter>src\util</Filter>
    </ClInclude>
    <ClInclude Include="..\..\src\map\heightmap.h">
      <Filter>src\map</Filter>
    </ClInclude>
    <ClInclude Include="..\..\src\map\reg.h">
      <Filter>src\map</Filter>
    </ClInclude>
    <ClInclude Include="..\..\src\map\mesh.h">
      <Filter>src\map</Filter>
    </ClInclude>
    <ClInclude Include="..\..\src\fx\weather.h">
      <Filter>src\fx</Filter>
    </ClInclude>
    <ClInclude Include="..\..\src\spark\RenderingAPIs\OpenGL\SPK_GL_DEF.h">
      <Filter>src\spark\opengl</Filter>
    </ClInclude>
    <ClInclude Include="..\..\src\spark\RenderingAPIs\OpenGL\SPK_GL2LineRenderer.h">
      <Filter>src\spark\opengl</Filter>
    </ClInclude>
    <ClInclude Include="..\..\src\spark\RenderingAPIs\OpenGL\SPK_GL2PointRenderer.h">
      <Filter>src\spark\opengl</Filter>
    </ClInclude>
    <ClInclude Include="..\..\src\spark\RenderingAPIs\OpenGL\SPK_GLRenderer.h">
      <Filter>src\spark\opengl</Filter>
    </ClInclude>
    <ClInclude Include="..\..\src\gui\newgame_environment.h">
      <Filter>src\gui</Filter>
    </ClInclude>
    <ClInclude Include="..\..\src\gui\listprompt.h">
      <Filter>src\gui</Filter>
    </ClInclude>
    <ClInclude Include="..\..\src\lua\lapi.h">
      <Filter>src\lua</Filter>
    </ClInclude>
    <ClInclude Include="..\..\src\lua\lauxlib.h">
      <Filter>src\lua</Filter>
    </ClInclude>
    <ClInclude Include="..\..\src\lua\lcode.h">
      <Filter>src\lua</Filter>
    </ClInclude>
    <ClInclude Include="..\..\src\lua\lctype.h">
      <Filter>src\lua</Filter>
    </ClInclude>
    <ClInclude Include="..\..\src\lua\ldebug.h">
      <Filter>src\lua</Filter>
    </ClInclude>
    <ClInclude Include="..\..\src\lua\ldo.h">
      <Filter>src\lua</Filter>
    </ClInclude>
    <ClInclude Include="..\..\src\lua\lfunc.h">
      <Filter>src\lua</Filter>
    </ClInclude>
    <ClInclude Include="..\..\src\lua\lgc.h">
      <Filter>src\lua</Filter>
    </ClInclude>
    <ClInclude Include="..\..\src\lua\llex.h">
      <Filter>src\lua</Filter>
    </ClInclude>
    <ClInclude Include="..\..\src\lua\llimits.h">
      <Filter>src\lua</Filter>
    </ClInclude>
    <ClInclude Include="..\..\src\lua\lmem.h">
      <Filter>src\lua</Filter>
    </ClInclude>
    <ClInclude Include="..\..\src\lua\lobject.h">
      <Filter>src\lua</Filter>
    </ClInclude>
    <ClInclude Include="..\..\src\lua\lopcodes.h">
      <Filter>src\lua</Filter>
    </ClInclude>
    <ClInclude Include="..\..\src\lua\lparser.h">
      <Filter>src\lua</Filter>
    </ClInclude>
    <ClInclude Include="..\..\src\lua\lstate.h">
      <Filter>src\lua</Filter>
    </ClInclude>
    <ClInclude Include="..\..\src\lua\lstring.h">
      <Filter>src\lua</Filter>
    </ClInclude>
    <ClInclude Include="..\..\src\lua\ltable.h">
      <Filter>src\lua</Filter>
    </ClInclude>
    <ClInclude Include="..\..\src\lua\ltm.h">
      <Filter>src\lua</Filter>
    </ClInclude>
    <ClInclude Include="..\..\src\lua\lua.h">
      <Filter>src\lua</Filter>
    </ClInclude>
    <ClInclude Include="..\..\src\lua\luaconf.h">
      <Filter>src\lua</Filter>
    </ClInclude>
    <ClInclude Include="..\..\src\lua\lualib.h">
      <Filter>src\lua</Filter>
    </ClInclude>
    <ClInclude Include="..\..\src\lua\lundump.h">
      <Filter>src\lua</Filter>
    </ClInclude>
    <ClInclude Include="..\..\src\lua\lvm.h">
      <Filter>src\lua</Filter>
    </ClInclude>
    <ClInclude Include="..\..\src\lua\lzio.h">
      <Filter>src\lua</Filter>
    </ClInclude>
    <ClInclude Include="..\..\src\render_opengl\animplay.h">
      <Filter>src\render_opengl</Filter>
    </ClInclude>
    <ClInclude Include="..\..\src\render_opengl\assimpmodel.h">
      <Filter>src\render_opengl</Filter>
    </ClInclude>
    <ClInclude Include="..\..\src\render_opengl\gl.h">
      <Filter>src\render_opengl</Filter>
    </ClInclude>
    <ClInclude Include="..\..\src\render_opengl\gl_debug.h">
      <Filter>src\render_opengl</Filter>
    </ClInclude>
    <ClInclude Include="..\..\src\render_opengl\gl_debug_drawer.h">
      <Filter>src\render_opengl</Filter>
    </ClInclude>
    <ClInclude Include="..\..\src\render_opengl\glshader.h">
      <Filter>src\render_opengl</Filter>
    </ClInclude>
    <ClInclude Include="..\..\src\render_opengl\glvao.h">
      <Filter>src\render_opengl</Filter>
    </ClInclude>
    <ClInclude Include="..\..\src\render_opengl\guichan_font.h">
      <Filter>src\render_opengl</Filter>
    </ClInclude>
    <ClInclude Include="..\..\src\render_opengl\hud.h">
      <Filter>src\render_opengl</Filter>
    </ClInclude>
    <ClInclude Include="..\..\src\render_opengl\hud_label.h">
      <Filter>src\render_opengl</Filter>
    </ClInclude>
    <ClInclude Include="..\..\src\render_opengl\intro.h">
      <Filter>src\render_opengl</Filter>
    </ClInclude>
    <ClInclude Include="..\..\src\render_opengl\menu.h">
      <Filter>src\render_opengl</Filter>
    </ClInclude>
    <ClInclude Include="..\..\src\render_opengl\light.h">
      <Filter>src\render_opengl</Filter>
    </ClInclude>
    <ClInclude Include="..\..\src\render_opengl\render_opengl.h">
      <Filter>src\render_opengl</Filter>
    </ClInclude>
    <ClInclude Include="..\..\src\render_opengl\render_opengl_settings.h">
      <Filter>src\render_opengl</Filter>
    </ClInclude>
  </ItemGroup>
  <ItemGroup>
    <ResourceCompile Include="res\appicon.rc">
      <Filter>Resource Files</Filter>
    </ResourceCompile>
  </ItemGroup>
</Project>